
Microsoft Visual Studio Solution File, Format Version 12.00
# Visual Studio 15
VisualStudioVersion = 15.0.28307.421
MinimumVisualStudioVersion = 10.0.40219.1
Project("{888888A0-9F3D-457C-B088-3A5042F75D52}") = "Andile Package", "Andile Package.pyproj", "{FCD52702-F82A-4567-90CF-EE7AE508C80E}"
EndProject
Global
	GlobalSection(SolutionConfigurationPlatforms) = preSolution
		Debug|Any CPU = Debug|Any CPU
		Release|Any CPU = Release|Any CPU
	EndGlobalSection
	GlobalSection(ProjectConfigurationPlatforms) = postSolution
		{FCD52702-F82A-4567-90CF-EE7AE508C80E}.Debug|Any CPU.ActiveCfg = Debug|Any CPU
		{FCD52702-F82A-4567-90CF-EE7AE508C80E}.Release|Any CPU.ActiveCfg = Release|Any CPU
	EndGlobalSection
	GlobalSection(SolutionProperties) = preSolution
		HideSolutionNode = FALSE
	EndGlobalSection
	GlobalSection(ExtensibilityGlobals) = postSolution
		SolutionGuid = {B2E7724D-91F4-4842-BA32-7D71468A46F3}
	EndGlobalSection
EndGlobal
